<?xml version="1.0" encoding="utf-8"?>
<Project ToolsVersion="4.0" xmlns="http://schemas.microsoft.com/developer/msbuild/2003">
  <ItemGroup>
    <Filter Include="src">
      <UniqueIdentifier>{6e067234-9d9b-4b89-a47c-bf6f88215564}</UniqueIdentifier>
    </Filter>
  </ItemGroup>
  <ItemGroup>
    <ClInclude Include="..\..\src\takram\math\axis.h">
      <Filter>src</Filter>
    </ClInclude>
    <ClInclude Include="..\..\src\takram\math\circle.h">
      <Filter>src</Filter>
    </ClInclude>
    <ClInclude Include="..\..\src\takram\math\circle2.h">
      <Filter>src</Filter>
    </ClInclude>
    <ClInclude Include="..\..\src\takram\math\constants.h">
      <Filter>src</Filter>
    </ClInclude>
    <ClInclude Include="..\..\src\takram\math\enablers.h">
      <Filter>src</Filter>
    </ClInclude>
    <ClInclude Include="..\..\src\takram\math\functions.h">
      <Filter>src</Filter>
    </ClInclude>
    <ClInclude Include="..\..\src\takram\math\line.h">
      <Filter>src</Filter>
    </ClInclude>
    <ClInclude Include="..\..\src\takram\math\line2.h">
      <Filter>src</Filter>
    </ClInclude>
    <ClInclude Include="..\..\src\takram\math\line3.h">
      <Filter>src</Filter>
    </ClInclude>
    <ClInclude Include="..\..\src\takram\math\promotion.h">
      <Filter>src</Filter>
    </ClInclude>
    <ClInclude Include="..\..\src\takram\math\random.h">
      <Filter>src</Filter>
    </ClInclude>
    <ClInclude Include="..\..\src\takram\math\rectangle.h">
      <Filter>src</Filter>
    </ClInclude>
    <ClInclude Include="..\..\src\takram\math\rectangle2.h">
      <Filter>src</Filter>
    </ClInclude>
    <ClInclude Include="..\..\src\takram\math\roots.h">
      <Filter>src</Filter>
    </ClInclude>
    <ClInclude Include="..\..\src\takram\math\side.h">
      <Filter>src</Filter>
    </ClInclude>
    <ClInclude Include="..\..\src\takram\math\size.h">
      <Filter>src</Filter>
    </ClInclude>
    <ClInclude Include="..\..\src\takram\math\size2.h">
      <Filter>src</Filter>
    </ClInclude>
    <ClInclude Include="..\..\src\takram\math\size3.h">
      <Filter>src</Filter>
    </ClInclude>
    <ClInclude Include="..\..\src\takram\math\triangle.h">
      <Filter>src</Filter>
    </ClInclude>
    <ClInclude Include="..\..\src\takram\math\triangle2.h">
      <Filter>src</Filter>
    </ClInclude>
    <ClInclude Include="..\..\src\takram\math\triangle3.h">
      <Filter>src</Filter>
    </ClInclude>
    <ClInclude Include="..\..\src\takram\math\vector.h">
      <Filter>src</Filter>
    </ClInclude>
    <ClInclude Include="..\..\src\takram\math\vector2.h">
      <Filter>src</Filter>
    </ClInclude>
    <ClInclude Include="..\..\src\takram\math\vector3.h">
      <Filter>src</Filter>
    </ClInclude>
    <ClInclude Include="..\..\src\takram\math\vector4.h">
      <Filter>src</Filter>
    </ClInclude>
    <ClInclude Include="..\..\src\takram\math.h">
      <Filter>src</Filter>
    </ClInclude>
  </ItemGroup>
  <ItemGroup>
    <ClCompile Include="..\..\src\takram\math.cc">
      <Filter>src</Filter>
    </ClCompile>
  </ItemGroup>
</Project>